# This file is @generated by RPMOCI
# It is not intended for manual editing.
pkg_specs = [
    "skopeo-1.*",
    "out/rpmoci-*.rpm",
    "core-packages-container",
]
global_key_specs = []

[[packages]]
name = "audit-libs"
evr = "3.0.6-8.cm2"
repoid = "mariner-official-base"

[packages.checksum]
algorithm = "sha256"
checksum = "56019f429d2d5b334b120226d5c18374acbd347d861bbce378052e9289290f69"

[[packages]]
name = "bash"
evr = "5.1.8-4.cm2"
repoid = "mariner-official-base"

[packages.checksum]
algorithm = "sha256"
checksum = "4e16815b435c8f8e4f0457adcf761e41d705577a909212d43e78dcd22111374b"

[[packages]]
name = "bzip2"
evr = "1.0.8-1.cm2"
repoid = "mariner-official-base"

[packages.checksum]
algorithm = "sha256"
checksum = "18f6b665ca6289e74fe53a5f04dc15a6f3657e812262ec503b63d8b740ab82c2"

[[packages]]
name = "bzip2-libs"
evr = "1.0.8-1.cm2"
repoid = "mariner-official-base"

[packages.checksum]
algorithm = "sha256"
checksum = "c72dcd4dfc7876840d672cf0d9f969ece6d6cf41e4a465f2490e780c0615f07f"

[[packages]]
name = "ca-certificates-base"
evr = "1:2.0.0-13.cm2"
repoid = "mariner-official-base"

[packages.checksum]
algorithm = "sha256"
checksum = "273f1ed33bd77a8f9f15015b65decc097757800804fa856d334c9526b2fa4533"

[[packages]]
name = "ca-certificates-shared"
evr = "1:2.0.0-13.cm2"
repoid = "mariner-official-base"

[packages.checksum]
algorithm = "sha256"
checksum = "2c078deed3db42ae649a1b8f8504c1dcadefee6569b4c3881b9b8a01e36ece7f"

[[packages]]
name = "ca-certificates-tools"
evr = "1:2.0.0-13.cm2"
repoid = "mariner-official-base"

[packages.checksum]
algorithm = "sha256"
checksum = "4900e85412f10018df4d9ff28beb999ca7230611a083339c1e67dfe51e8d8465"

[[packages]]
name = "chkconfig"
evr = "1.20-4.cm2"
repoid = "mariner-official-base"

[packages.checksum]
algorithm = "sha256"
checksum = "ded1ed8475996b90582bc3a8790d973637b0eadeb238d754e9fe5d55e3fcbf76"

[[packages]]
name = "core-packages-container"
evr = "2.0-8.cm2"
repoid = "mariner-official-base"

[packages.checksum]
algorithm = "sha256"
checksum = "02f1a26570de1f58b4bd3f8d69a549a3011f84dbfe08d05ce187c714fb35e9fd"

[[packages]]
name = "coreutils"
evr = "8.32-7.cm2"
repoid = "mariner-official-base"

[packages.checksum]
algorithm = "sha256"
checksum = "0898c40d88b5b351525fcd20fb3319bbbf8f5690dda09711d4389360c04ec5f6"

[[packages]]
name = "cracklib"
evr = "2.9.7-5.cm2"
repoid = "mariner-official-base"

[packages.checksum]
algorithm = "sha256"
checksum = "3b6a2b5a42666cdddf93db2987b8be1f75f62afab04760e4fd30698bf77c735a"

[[packages]]
name = "cracklib-dicts"
evr = "2.9.7-5.cm2"
repoid = "mariner-official-base"

[packages.checksum]
algorithm = "sha256"
checksum = "b9932e29c391d03e926cced58189be7dcb81bf92c82dcbdf66ec501f31a9d12a"

[[packages]]
name = "cryptsetup-libs"
evr = "2.4.3-4.cm2"
repoid = "mariner-official-base"

[packages.checksum]
algorithm = "sha256"
checksum = "a5ca3b4e62f02d3b96293f3ba934c09e29f921ea070225f36cade9ea727404a2"

[[packages]]
name = "curl"
evr = "8.3.0-2.cm2"
repoid = "mariner-official-base"

[packages.checksum]
algorithm = "sha256"
checksum = "d6f7e34caeeab7e8f5605b2d68637e9b909b34647107ff7d46514eafe141c040"

[[packages]]
name = "curl-libs"
evr = "8.3.0-2.cm2"
repoid = "mariner-official-base"

[packages.checksum]
algorithm = "sha256"
checksum = "4a63123c439e072ab0bf34c370d157b562bfba31ecef31e4f8916066f095ab9f"

[[packages]]
name = "device-mapper-libs"
evr = "2.03.15-3.cm2"
repoid = "mariner-official-base"

[packages.checksum]
algorithm = "sha256"
checksum = "2728f2d887ee28cf08981cad12500dfaf97bf54a9d73bf584cbd9765d210038f"

[[packages]]
name = "dnf"
evr = "4.8.0-2.cm2"
repoid = "mariner-official-base"

[packages.checksum]
algorithm = "sha256"
checksum = "6968622e468c571b02ba84e72906c2af0d5814e95ba254a9ddae53b3b068c824"

[[packages]]
name = "dnf-data"
evr = "4.8.0-2.cm2"
repoid = "mariner-official-base"

[packages.checksum]
algorithm = "sha256"
checksum = "fc6c16e74fa73bae278496db7b83e474e0597f7b7492b5de437500024529349a"

[[packages]]
name = "e2fsprogs-libs"
evr = "1.46.5-3.cm2"
repoid = "mariner-official-base"

[packages.checksum]
algorithm = "sha256"
checksum = "5787b1ada13474c7b775d4bc3d5b73c2c3f85b716c64193fffceba55c8efdc0b"

[[packages]]
name = "elfutils"
evr = "0.186-2.cm2"
repoid = "mariner-official-base"

[packages.checksum]
algorithm = "sha256"
checksum = "5e5e08cd93d92aea0634126f3d219590df4ca7b9c96cb9211e09ab587d8762b8"

[[packages]]
name = "elfutils-default-yama-scope"
evr = "0.186-2.cm2"
repoid = "mariner-official-base"

[packages.checksum]
algorithm = "sha256"
checksum = "b9da3ec108e53b0a3000e7d74977390357e4931fbce4c09dcd02ecc835864b45"

[[packages]]
name = "elfutils-devel"
evr = "0.186-2.cm2"
repoid = "mariner-official-base"

[packages.checksum]
algorithm = "sha256"
checksum = "be93c639fd5d398cb5e3552969cfac142f9dba8dfc0e9127eb270c044d009dd1"

[[packages]]
name = "elfutils-libelf"
evr = "0.186-2.cm2"
repoid = "mariner-official-base"

[packages.checksum]
algorithm = "sha256"
checksum = "a5123bff36fb1432c54a22875aa926fa28f2e18064f76f27ea5ec3ef2764a4bc"

[[packages]]
name = "elfutils-libelf-devel"
evr = "0.186-2.cm2"
repoid = "mariner-official-base"

[packages.checksum]
algorithm = "sha256"
checksum = "2af85a30fc11e2da7aa410c1139c39643e6cfb3a228f7872c223b8308081693d"

[[packages]]
name = "expat"
evr = "2.5.0-1.cm2"
repoid = "mariner-official-base"

[packages.checksum]
algorithm = "sha256"
checksum = "75d80d4bba449edf9aa8dca5dc443f907a28c5a528368c446ef04d371be446c3"

[[packages]]
name = "expat-libs"
evr = "2.5.0-1.cm2"
repoid = "mariner-official-base"

[packages.checksum]
algorithm = "sha256"
checksum = "00f0b2450108e7ea52bb0c592d441d06d61feaa1f61b3fe6c46ffd86d439f1a1"

[[packages]]
name = "file-libs"
evr = "5.40-2.cm2"
repoid = "mariner-official-base"

[packages.checksum]
algorithm = "sha256"
checksum = "77b279885c27fd2a2bcdb978f44f6ede7d33fc8c3d753cc276b40b623cc22e95"

[[packages]]
name = "filesystem"
evr = "1.1-15.cm2"
repoid = "mariner-official-base"

[packages.checksum]
algorithm = "sha256"
checksum = "901964e52205521d6d53e41f0656538aa9272f69965adc42ba4d3c9efa9e2717"

[[packages]]
name = "findutils"
evr = "4.8.0-5.cm2"
repoid = "mariner-official-base"

[packages.checksum]
algorithm = "sha256"
checksum = "04ee92ff0ae1c858d7b5207fda4bc8bffa0d04acfbb182733a6723cbdb09b6d4"

[[packages]]
name = "gdbm"
evr = "1.21-1.cm2"
repoid = "mariner-official-base"

[packages.checksum]
algorithm = "sha256"
checksum = "11a6c017fc908a00c25f21e3333fb492b0eae0cd74247b4c42a74d0567b3e673"

[[packages]]
name = "glib"
evr = "2.71.0-2.cm2"
repoid = "mariner-official-base"

[packages.checksum]
algorithm = "sha256"
checksum = "c164683736e8d4c5f45c4bd3ea6b211c673173eba4cf143a27514490719917a8"

[[packages]]
name = "glibc"
evr = "2.35-5.cm2"
repoid = "mariner-official-base"

[packages.checksum]
algorithm = "sha256"
checksum = "62f6cefd5496072d83a4139ae577719d62f7b22c9a3790a08fb43d48fc5befc9"

[[packages]]
name = "gmp"
evr = "6.2.1-4.cm2"
repoid = "mariner-official-base"

[packages.checksum]
algorithm = "sha256"
checksum = "6e72770f5d52422e567e7a6e8924059cbc3cb2c436d84adc79f1b82307644b7a"

[[packages]]
name = "gnupg2"
evr = "2.4.0-2.cm2"
repoid = "mariner-official-base"

[packages.checksum]
algorithm = "sha256"
checksum = "037397f147e5a320c48233d570637cc4e593ac52d0aa03930a1a0bdc76d7ddc3"

[[packages]]
name = "gpgme"
evr = "1.16.0-2.cm2"
repoid = "mariner-official-base"

[packages.checksum]
algorithm = "sha256"
checksum = "00f116053249a0f9fea86f04dda34bfeff3ca58d01d3eeb3c517279b9ed64cef"

[[packages]]
name = "grep"
evr = "3.7-2.cm2"
repoid = "mariner-official-base"

[packages.checksum]
algorithm = "sha256"
checksum = "4f08ca78a141258478ce1b8cc352ed93f9ffba286ed26ccd23c76e6b25fa4f92"

[[packages]]
name = "gzip"
evr = "1.12-2.cm2"
repoid = "mariner-official-base"

[packages.checksum]
algorithm = "sha256"
checksum = "c80193da8dd6f5fe04d46c87a15f2eb722307844dfe8bddf8af089b8173339c5"

[[packages]]
name = "json-c"
evr = "0.15-2.cm2"
repoid = "mariner-official-base"

[packages.checksum]
algorithm = "sha256"
checksum = "76c387f47473f30301b2ad9a0cb1e262323b76fbd061ab686e610037458621df"

[[packages]]
name = "kmod"
evr = "29-2.cm2"
repoid = "mariner-official-base"

[packages.checksum]
algorithm = "sha256"
checksum = "d8f1570a8c6ecfdbfe4ae427e7ea290db3f7a4d2ae299a07e30100f4ecbd3f1c"

[[packages]]
name = "krb5"
evr = "1.19.4-2.cm2"
repoid = "mariner-official-base"

[packages.checksum]
algorithm = "sha256"
checksum = "ea32be0f60afbf760b1860675f70f9f5442d59ba75efa4b56dc769c52b13035a"

[[packages]]
name = "libarchive"
evr = "3.6.1-2.cm2"
repoid = "mariner-official-base"

[packages.checksum]
algorithm = "sha256"
checksum = "790d3430f2884db289746cb3ab3519243c76c54d73b28f94f1f2c3c8428cb7cb"

[[packages]]
name = "libassuan"
evr = "2.5.5-2.cm2"
repoid = "mariner-official-base"

[packages.checksum]
algorithm = "sha256"
checksum = "56ba1ed2d16d960bc60ecb6931461c4932ae82401b915d95b6d51105550196ec"

[[packages]]
name = "libcap"
evr = "2.60-2.cm2"
repoid = "mariner-official-base"

[packages.checksum]
algorithm = "sha256"
checksum = "be1f28d6c159d29342c7be60fb569e02f087e9f6626f8729bbed1701394adf00"

[[packages]]
name = "libcap-ng"
evr = "0.8.2-2.cm2"
repoid = "mariner-official-base"

[packages.checksum]
algorithm = "sha256"
checksum = "85b8f9fe794895fb5ecf5514fe1e3ffc312010b7f3ec76e9439aa22cb7051bc2"

[[packages]]
name = "libcomps"
evr = "0.1.18-2.cm2"
repoid = "mariner-official-base"

[packages.checksum]
algorithm = "sha256"
checksum = "68644307f0207784917b510f170b719e8ccc332796afd52bf45d8cc7f26fa8bd"

[[packages]]
name = "libcontainers-common"
evr = "20210626-2.cm2"
repoid = "mariner-official-base"

[packages.checksum]
algorithm = "sha256"
checksum = "1ac5cf2eefc692b9fb9f2a10da8240700bc182657755d0331357dcaa0187108a"

[[packages]]
name = "libdnf"
evr = "0.63.1-2.cm2"
repoid = "mariner-official-base"

[packages.checksum]
algorithm = "sha256"
checksum = "5b7c4a3769dcb4ea6b948fc01ce80102f896b5ee15dc9bfb307c337439652c0f"

[[packages]]
name = "libffi"
evr = "3.4.2-3.cm2"
repoid = "mariner-official-base"

[packages.checksum]
algorithm = "sha256"
checksum = "83455483bac68ae1a66ea226ab0f2d40e240ce384b1d62e9d5bf4170f5ae8392"

[[packages]]
name = "libgcc"
evr = "11.2.0-6.cm2"
repoid = "mariner-official-base"

[packages.checksum]
algorithm = "sha256"
checksum = "9fbb763b42685a8141c212cf768a3e2b619596344ec5b8e53b6eb8ccb05e02db"

[[packages]]
name = "libgcrypt"
evr = "1.9.4-2.cm2"
repoid = "mariner-official-base"

[packages.checksum]
algorithm = "sha256"
checksum = "b55613a7b5eaef095a8e25100ed51fd44e5f3fa8fc3abd94c7b4592aedda9337"

[[packages]]
name = "libgomp"
evr = "11.2.0-6.cm2"
repoid = "mariner-official-base"

[packages.checksum]
algorithm = "sha256"
checksum = "d328fba82d78f8a510e8de48d8cb87c5858b6847a4981be9a7ebd42bd8d954dd"

[[packages]]
name = "libgpg-error"
evr = "1.46-1.cm2"
repoid = "mariner-official-base"

[packages.checksum]
algorithm = "sha256"
checksum = "2690ce986ff2dc8e264e955c1127fe0ce99e3ee4a44f27e6a520bd99913ce4a5"

[[packages]]
name = "libksba"
evr = "1.6.3-1.cm2"
repoid = "mariner-official-base"

[packages.checksum]
algorithm = "sha256"
checksum = "b306a7d44baaec31bdcf94b3c8d76875fc89a8a5a8510207f6af0a08d49527b9"

[[packages]]
name = "libmodulemd"
evr = "2.13.0-2.cm2"
repoid = "mariner-official-base"

[packages.checksum]
algorithm = "sha256"
checksum = "611ba0e778f6930608c12fdc06293ab752226c94005ae84e03b49434a7b88615"

[[packages]]
name = "libpkgconf"
evr = "1.8.0-3.cm2"
repoid = "mariner-official-base"

[packages.checksum]
algorithm = "sha256"
checksum = "3198bfb0c3def83147c2cd85180b0334ba7a2b8533f88ef3f6fa73f6c9b95174"

[[packages]]
name = "librepo"
evr = "1.15.1-1.cm2"
repoid = "mariner-official-base"

[packages.checksum]
algorithm = "sha256"
checksum = "53bf4b1095d975f37342db296ef05e1fb18ce5ab5c5992752cfeb5f3a9eb8a39"

[[packages]]
name = "libselinux"
evr = "3.2-1.cm2"
repoid = "mariner-official-base"

[packages.checksum]
algorithm = "sha256"
checksum = "31465bfe3076b1e93a29c9916706a90b39d8f47d84e57014b8f47991882d9320"

[[packages]]
name = "libsepol"
evr = "3.2-2.cm2"
repoid = "mariner-official-base"

[packages.checksum]
algorithm = "sha256"
checksum = "8b0780e35050b92606930104eef0fd1af5034859e4d476fe0b655973f5ec882c"

[[packages]]
name = "libsolv"
evr = "0.7.24-1.cm2"
repoid = "mariner-official-base"

[packages.checksum]
algorithm = "sha256"
checksum = "293aae9a5c3d46dd64f4d62e7fa282f4f088717ec7d88ccfe46b6bd913c62b3d"

[[packages]]
name = "libssh2"
evr = "1.9.0-3.cm2"
repoid = "mariner-official-base"

[packages.checksum]
algorithm = "sha256"
checksum = "05070aae3d8fd111f37ac56f38502de679ac95673005af23f43fa7edfa9a316c"

[[packages]]
name = "libstdc++"
evr = "11.2.0-6.cm2"
repoid = "mariner-official-base"

[packages.checksum]
algorithm = "sha256"
checksum = "8913158386dfcc8a0c94a31297f6fdb72ec81b9231403713aa903d87557ff2d8"

[[packages]]
name = "libtasn1"
evr = "4.19.0-1.cm2"
repoid = "mariner-official-base"

[packages.checksum]
algorithm = "sha256"
checksum = "6b965cf6a002984d948fe24d8f5aef2a3b81b713e63c2373ecaaf35ff472c0d6"

[[packages]]
name = "libxml2"
evr = "2.10.4-1.cm2"
repoid = "mariner-official-base"

[packages.checksum]
algorithm = "sha256"
checksum = "9a36b181bdccd4675e5f1842e0f736a5169dd62df11ff51879a8fe8416cc826c"

[[packages]]
name = "libyaml"
evr = "0.2.5-3.cm2"
repoid = "mariner-official-base"

[packages.checksum]
algorithm = "sha256"
checksum = "8c03303cbc5f79c7d90506cc963890bde6289cb80338ce75f5d18635d0318d0a"

[[packages]]
name = "lua-libs"
evr = "5.4.4-1.cm2"
repoid = "mariner-official-base"

[packages.checksum]
algorithm = "sha256"
checksum = "e58c02687c0d900ddd967d3d5a852fd8183898522808fbb5debc12e82822e029"

[[packages]]
name = "lz4"
evr = "1.9.3-1.cm2"
repoid = "mariner-official-base"

[packages.checksum]
algorithm = "sha256"
checksum = "d30e88e7ecb3dac19dcdd8b1de5203a6982755712058b13a788bce68d0b8115e"

[[packages]]
name = "mariner-release"
evr = "2.0-52.cm2"
repoid = "mariner-official-base"

[packages.checksum]
algorithm = "sha256"
checksum = "e6383e032d55f1f5e5aee3ca13f9184e56aca8312e89a9cd5a4a75a1e0d100de"

[[packages]]
name = "mariner-repos"
evr = "2.0-8.cm2"
repoid = "mariner-official-base"

[packages.checksum]
algorithm = "sha256"
checksum = "67c078011eb5bbcb3977a28c79c542cd442ecc1a31f235516105742f88b2c4a6"

[[packages]]
name = "mariner-repos-extras"
evr = "2.0-8.cm2"
repoid = "mariner-official-base"

[packages.checksum]
algorithm = "sha256"
checksum = "8ad9d64d6b95c14560c07880186dba5ab30f48d54a9646eef7fa8ea60439dd3d"

[[packages]]
name = "mariner-repos-microsoft"
evr = "2.0-8.cm2"
repoid = "mariner-official-base"

[packages.checksum]
algorithm = "sha256"
checksum = "f0edcb0543579ed96b735c2e2abcf16c95859ae54be6a5eda9de201e611f1a40"

[[packages]]
name = "mariner-repos-shared"
evr = "2.0-8.cm2"
repoid = "mariner-official-base"

[packages.checksum]
algorithm = "sha256"
checksum = "6645abe895553612cb6401a14b41ff9461a1f0bf23f6aed4d4295e411e42290a"

[[packages]]
name = "ncurses"
evr = "6.4-1.cm2"
repoid = "mariner-official-base"

[packages.checksum]
algorithm = "sha256"
checksum = "56980ca09ff616471090b25471d949f9c19449f9b11aeaa3218f52c3282b81aa"

[[packages]]
name = "ncurses-libs"
evr = "6.4-1.cm2"
repoid = "mariner-official-base"

[packages.checksum]
algorithm = "sha256"
checksum = "64090376547b9cbd4be3d1be9785ae3f3d81853f3dba8445f14835cb803d1314"

[[packages]]
name = "newt"
evr = "0.52.21-5.cm2"
repoid = "mariner-official-base"

[packages.checksum]
algorithm = "sha256"
checksum = "24ea607673d05ea0df4b0ddf35a0bc4ced69646e0cb72c10d44de718d2255ebe"

[[packages]]
name = "nghttp2"
evr = "1.57.0-1.cm2"
repoid = "mariner-official-base"

[packages.checksum]
algorithm = "sha256"
checksum = "845c1af544e40774b548129284d193dabaf1b7245437853aa1fe865fc47732ec"

[[packages]]
name = "npth"
evr = "1.6-4.cm2"
repoid = "mariner-official-base"

[packages.checksum]
algorithm = "sha256"
checksum = "992929d7fe7cfe149187b3ad44f83d867ebe8044ec2af2c52268c3f87d346d37"

[[packages]]
name = "openssl"
evr = "1.1.1k-27.cm2"
repoid = "mariner-official-base"

[packages.checksum]
algorithm = "sha256"
checksum = "332163acfc025d02d43e6ad2dcddf1d08ed1f7125bed380779555d548062d9d3"

[[packages]]
name = "openssl-libs"
evr = "1.1.1k-27.cm2"
repoid = "mariner-official-base"

[packages.checksum]
algorithm = "sha256"
checksum = "f4ca899a4858655abf9763d0dccbe9ffb748c9a8dd743999c25784108c6b2ec5"

[[packages]]
name = "p11-kit"
evr = "0.24.1-1.cm2"
repoid = "mariner-official-base"

[packages.checksum]
algorithm = "sha256"
checksum = "49b7df70b47238ac5ab9fc352f28b96756a6663f16143acb6c318c3ed066cc11"

[[packages]]
name = "p11-kit-trust"
evr = "0.24.1-1.cm2"
repoid = "mariner-official-base"

[packages.checksum]
algorithm = "sha256"
checksum = "a2c16162c266db0cb7720e7e31cdabe62c851b799db50c19f684246f6672854f"

[[packages]]
name = "pam"
evr = "1.5.1-5.cm2"
repoid = "mariner-official-base"

[packages.checksum]
algorithm = "sha256"
checksum = "cf17decad901ec6c263dc7ec3e4a2f1c934117eacf5df565dfa1d054c6eaa96c"

[[packages]]
name = "pcre"
evr = "8.45-2.cm2"
repoid = "mariner-official-base"

[packages.checksum]
algorithm = "sha256"
checksum = "f3c86c601c37d01e9473cf47e2aa5ac321c1f6e9c35c372fc606e5b6fa6470a0"

[[packages]]
name = "pcre-libs"
evr = "8.45-2.cm2"
repoid = "mariner-official-base"

[packages.checksum]
algorithm = "sha256"
checksum = "6bee465294c45a1ea065e92cb49ca864b509bdd883b6afb58ff5e084a5b3cf74"

[[packages]]
name = "pinentry"
evr = "1.2.0-1.cm2"
repoid = "mariner-official-base"

[packages.checksum]
algorithm = "sha256"
checksum = "d3135508c63a373efae8c98a3ecd3304cabe997b63c3a4828a8d2db1ceefc8c2"

[[packages]]
name = "pkgconf"
evr = "1.8.0-3.cm2"
repoid = "mariner-official-base"

[packages.checksum]
algorithm = "sha256"
checksum = "086beb55cd1e211b35b465c9bdb9fbd2b512aa2f13a3be07484964cd35d747b7"

[[packages]]
name = "pkgconf-m4"
evr = "1.8.0-3.cm2"
repoid = "mariner-official-base"

[packages.checksum]
algorithm = "sha256"
checksum = "a6f378cb0361fdecac23dab32ac26d158bf2e5a3483fb5dc44254e47c4ff7776"

[[packages]]
name = "pkgconf-pkg-config"
evr = "1.8.0-3.cm2"
repoid = "mariner-official-base"

[packages.checksum]
algorithm = "sha256"
checksum = "855bc5471b1de8710ef877090129cd831c325ac153f6d9d63597e25e4cb23cc7"

[[packages]]
name = "popt"
evr = "1.18-1.cm2"
repoid = "mariner-official-base"

[packages.checksum]
algorithm = "sha256"
checksum = "95d614b0d169228e5f0bfd3d4880771db5c7f45e1addea0efcab980fad9e96a8"

[[packages]]
name = "popt-devel"
evr = "1.18-1.cm2"
repoid = "mariner-official-base"

[packages.checksum]
algorithm = "sha256"
checksum = "8e5bb5a267a5254b220c06ff8e826cb8eaa891c6b769ec7569f065bdd494e245"

[[packages]]
name = "python3"
evr = "3.9.14-8.cm2"
repoid = "mariner-official-base"

[packages.checksum]
algorithm = "sha256"
checksum = "46f8de9ef8252d765d329d03fc92b1b04914320b9176b9bfce392f59303b4b65"

[[packages]]
name = "python3-curses"
evr = "3.9.14-8.cm2"
repoid = "mariner-official-base"

[packages.checksum]
algorithm = "sha256"
checksum = "cdb84dd990ff717d6a05c5d6c05d1c3b4b15333eb203bd7cdbbb1f944da35a62"

[[packages]]
name = "python3-dnf"
evr = "4.8.0-2.cm2"
repoid = "mariner-official-base"

[packages.checksum]
algorithm = "sha256"
checksum = "51b2a6d6f27c19dd7a5f906e5becb2788a02bc5d2e2c572055a8f200c1e08090"

[[packages]]
name = "python3-gpg"
evr = "1.16.0-2.cm2"
repoid = "mariner-official-base"

[packages.checksum]
algorithm = "sha256"
checksum = "2f9ee0b995980c259a72529234899dea6fced1a01d99087a7c1b00c67689cc6a"

[[packages]]
name = "python3-hawkey"
evr = "0.63.1-2.cm2"
repoid = "mariner-official-base"

[packages.checksum]
algorithm = "sha256"
checksum = "991e19699f71908a8b247132af195ad0556603f16fade40656566922c14cc00f"

[[packages]]
name = "python3-libcomps"
evr = "0.1.18-2.cm2"
repoid = "mariner-official-base"

[packages.checksum]
algorithm = "sha256"
checksum = "27feb9d9c75bb60fbf77e9f600f6449c2789c72e75a1b2ade096d0f40ef95f29"

[[packages]]
name = "python3-libdnf"
evr = "0.63.1-2.cm2"
repoid = "mariner-official-base"

[packages.checksum]
algorithm = "sha256"
checksum = "b1ba4b47188befc406abcb2c22e183d2d2a6265433f5683ae7dbdb81dff1366b"

[[packages]]
name = "python3-libs"
evr = "3.9.14-8.cm2"
repoid = "mariner-official-base"

[packages.checksum]
algorithm = "sha256"
checksum = "fb8fa09d6151160ba91a0e267996ff8bf76a52bf42d27960fafe63698efc9cd2"

[[packages]]
name = "python3-rpm"
evr = "4.18.0-4.cm2"
repoid = "mariner-official-base"

[packages.checksum]
algorithm = "sha256"
checksum = "b911c0a446733a5722f51e62b2c1bb54cf2e968fba076a87dea537173890cae8"

[[packages]]
name = "readline"
evr = "8.1-1.cm2"
repoid = "mariner-official-base"

[packages.checksum]
algorithm = "sha256"
checksum = "a9f99ff100a8f37fd05e42882407c9accc7656fea8cdca34465aa92356f80932"

[[packages]]
name = "rpm"
evr = "4.18.0-4.cm2"
repoid = "mariner-official-base"

[packages.checksum]
algorithm = "sha256"
checksum = "171d3985c6fba9fa22cf95151455907017f7ffc10c953f27fff81628f6a743d2"

[[packages]]
name = "rpm-build-libs"
evr = "4.18.0-4.cm2"
repoid = "mariner-official-base"

[packages.checksum]
algorithm = "sha256"
checksum = "c23986ec7645eca8381c7aa4d9c1df3d56782b38c4db081bc6da2e2d7c3d103e"

[[packages]]
name = "rpm-devel"
evr = "4.18.0-4.cm2"
repoid = "mariner-official-base"

[packages.checksum]
algorithm = "sha256"
checksum = "0a758c831346ae980dfac0d4ca3276fdfb8e7c68e9a2af9862db936dd64ffbdd"

[[packages]]
name = "rpm-libs"
evr = "4.18.0-4.cm2"
repoid = "mariner-official-base"

[packages.checksum]
algorithm = "sha256"
checksum = "686436b4e7d964a7b044bb3d4b8436edff81c9707646c506ac56ab99f6e1678d"

[[packages]]
name = "sed"
evr = "4.8-3.cm2"
repoid = "mariner-official-base"

[packages.checksum]
algorithm = "sha256"
checksum = "a4520c3a1e5a8486207562cf2e8bad8ab4fa4959740ec7abfd6f4f0da91fcd6e"

[[packages]]
name = "skopeo"
evr = "1.12.0-5.cm2"
repoid = "mariner-official-base"

[packages.checksum]
algorithm = "sha256"
checksum = "ec8ad5a61157d1eb57c1c6c5eb667b3a4d3f514fab97fb6820636afe122550d6"

[[packages]]
name = "slang"
evr = "2.3.2-4.cm2"
repoid = "mariner-official-base"

[packages.checksum]
algorithm = "sha256"
checksum = "813441d51c599a7f40aafbcb035b01ffca5d844a73e2dc921fc9ee4b84eda040"

[[packages]]
name = "sqlite-libs"
evr = "3.39.2-2.cm2"
repoid = "mariner-official-base"

[packages.checksum]
algorithm = "sha256"
checksum = "a9ab661f4066b274482b299aeca3e59ccd89905339e1c40b9a89837e8cad15d2"

[[packages]]
name = "systemd"
evr = "250.3-17.cm2"
repoid = "mariner-official-base"

[packages.checksum]
algorithm = "sha256"
checksum = "19684ae4c84158e3982d715127c0984021a559087e5974acf9f3c0c7b4e9f6d3"

[[packages]]
name = "systemd-rpm-macros"
evr = "250.3-17.cm2"
repoid = "mariner-official-base"

[packages.checksum]
algorithm = "sha256"
checksum = "69469dc0685dcba9d40c1bd8140c4667130f26f32d5bf646589fdbb8a7797c8a"

[[packages]]
name = "tdnf"
evr = "3.5.2-2.cm2"
repoid = "mariner-official-base"

[packages.checksum]
algorithm = "sha256"
checksum = "067ad273b3d8c9d827356f95fb5e743b26ad2df39d32e2222a2ee5a1ea266e39"

[[packages]]
name = "tdnf-cli-libs"
evr = "3.5.2-2.cm2"
repoid = "mariner-official-base"

[packages.checksum]
algorithm = "sha256"
checksum = "0c5a6f18fe42fde153c138ac63525f5b7dd17d3bf3e7b4d90fe921a98ee9e58f"

[[packages]]
name = "tdnf-plugin-repogpgcheck"
evr = "3.5.2-2.cm2"
repoid = "mariner-official-base"

[packages.checksum]
algorithm = "sha256"
checksum = "3a43d24705a3b52aab6e4a92329fcfc684d1b855e77ed89251b7b9bbbdc4f22d"

[[packages]]
name = "util-linux"
evr = "2.37.4-8.cm2"
repoid = "mariner-official-base"

[packages.checksum]
algorithm = "sha256"
checksum = "8c5e1c968ee83ad5f1a2cdf31e593794260f0f5beb060840f4358a01d32f1de5"

[[packages]]
name = "util-linux-libs"
evr = "2.37.4-8.cm2"
repoid = "mariner-official-base"

[packages.checksum]
algorithm = "sha256"
checksum = "692b7a52ebc3a37dda8b7eae8adca63938816116f32881e034abddb49ff2bd32"

[[packages]]
name = "xz"
evr = "5.2.5-1.cm2"
repoid = "mariner-official-base"

[packages.checksum]
algorithm = "sha256"
checksum = "f6454a14101f29aac2cdc3f32985899ba4aaf42e660edfe2c1225052878e93ad"

[[packages]]
name = "xz-devel"
evr = "5.2.5-1.cm2"
repoid = "mariner-official-base"

[packages.checksum]
algorithm = "sha256"
checksum = "1cf9412fc5bfd0effa6ad4451218b94eb47355228267263e237a7a08bf5dcaae"

[[packages]]
name = "xz-libs"
evr = "5.2.5-1.cm2"
repoid = "mariner-official-base"

[packages.checksum]
algorithm = "sha256"
checksum = "031e779a7ce198662c5b266d7b0dfc9eece9c0c888a657b6a9bb7731df0096d0"

[[packages]]
name = "zchunk"
evr = "1.1.16-2.cm2"
repoid = "mariner-official-base"

[packages.checksum]
algorithm = "sha256"
checksum = "86ce2936352c66ea20c60eff63366e9f9726bfa491033902bb759b3e780ff544"

[[packages]]
name = "zchunk-libs"
evr = "1.1.16-2.cm2"
repoid = "mariner-official-base"

[packages.checksum]
algorithm = "sha256"
checksum = "99bafd033ebdcfbf32f803b2eea730de95fb0f60a89995f91191b442c94efaef"

[[packages]]
name = "zlib"
evr = "1.2.13-1.cm2"
repoid = "mariner-official-base"

[packages.checksum]
algorithm = "sha256"
checksum = "5c0e23b27a090f2bba3be0e2d1b1242566decc377dd01aa93bc20092d9048798"

[[packages]]
name = "zlib-devel"
evr = "1.2.13-1.cm2"
repoid = "mariner-official-base"

[packages.checksum]
algorithm = "sha256"
checksum = "e3c77141e6626619ee741a30c40f1b830ceb48ea38681ea7192375bc6169bfdd"

[[packages]]
name = "zstd"
evr = "1.5.0-1.cm2"
repoid = "mariner-official-base"

[packages.checksum]
algorithm = "sha256"
checksum = "5aba62c78d45aaece73eabbb84c62d306669ed2f57de86dbdae0a377fe93f7a4"

[[packages]]
name = "zstd-devel"
evr = "1.5.0-1.cm2"
repoid = "mariner-official-base"

[packages.checksum]
algorithm = "sha256"
checksum = "f8fb4335acc6b42367a9ca1dc1ef2304527393cb3beda4179fe5aa8fb8670898"

[[packages]]
name = "zstd-libs"
evr = "1.5.0-1.cm2"
repoid = "mariner-official-base"

[packages.checksum]
algorithm = "sha256"
checksum = "1f1dfc46ad8f97b25b17499f865dc002d7a6b067428490dc2e83c4b75aca6a68"

[[local_packages]]
name = "rpmoci"
requires = [
    "dnf",
    "ld-linux-x86-64.so.2()(64bit)",
    "ld-linux-x86-64.so.2(GLIBC_2.3)(64bit)",
    "libc.so.6()(64bit)",
    "libc.so.6(GLIBC_2.14)(64bit)",
    "libc.so.6(GLIBC_2.15)(64bit)",
    "libc.so.6(GLIBC_2.17)(64bit)",
    "libc.so.6(GLIBC_2.18)(64bit)",
    "libc.so.6(GLIBC_2.2.5)(64bit)",
    "libc.so.6(GLIBC_2.25)(64bit)",
    "libc.so.6(GLIBC_2.27)(64bit)",
    "libc.so.6(GLIBC_2.28)(64bit)",
    "libc.so.6(GLIBC_2.29)(64bit)",
    "libc.so.6(GLIBC_2.3)(64bit)",
    "libc.so.6(GLIBC_2.3.4)(64bit)",
    "libc.so.6(GLIBC_2.32)(64bit)",
    "libc.so.6(GLIBC_2.33)(64bit)",
    "libc.so.6(GLIBC_2.34)(64bit)",
    "libc.so.6(GLIBC_2.4)(64bit)",
    "libc.so.6(GLIBC_2.9)(64bit)",
    "libcrypto.so.1.1()(64bit)",
    "libcrypto.so.1.1(OPENSSL_1_1_0)(64bit)",
    "libgcc_s.so.1()(64bit)",
    "libgcc_s.so.1(GCC_3.0)(64bit)",
    "libgcc_s.so.1(GCC_3.3)(64bit)",
    "libgcc_s.so.1(GCC_4.2.0)(64bit)",
    "libm.so.6()(64bit)",
    "libm.so.6(GLIBC_2.2.5)(64bit)",
    "libpython3.9.so.1.0()(64bit)",
    "libz.so.1()(64bit)",
]

[repo_gpg_config.mariner-official-base]
gpgcheck = true
keys = [
    """
-----BEGIN PGP PUBLIC KEY BLOCK-----

mQENBF5v2nQBCADD+o8FgJQUcV9QTgdOTrYo8VtwHNOtTI1WWki8cUx+pI+aarHo
zYN3/QQj+a5lALWeWM/w+aT1q/xGBBkmr9Qo5xWaXeiKZaMVv3H+1HIOjVvrWOHX
zm+FvONB2fwAOclq9p7YaMqWtn4GckxD2YXhkTW0Y4kM+TcMTgSCiGKskjnmTfHw
G+SI9av/CZvqqfNZkdIuNTS9eSqTTenCKkgLvYRKSpkhZj1OuB/iTu+xK0BuoVns
jmju/Fw+tBrcdu3Q1sRXDrh8lnZgHxQUxHjwnyMlTM8a9N2qCgnu+SQjNyk3NXgi
dGSFkdtaF/Z+KNwG10XVs1jzjO/rtsrvrwJvABEBAAG0Ok1hcmluZXIgUlBNIFJl
bGVhc2UgU2lnbmluZyA8bWFyaW5lcnJwbXByb2RAbWljcm9zb2Z0LmNvbT6JATgE
EwEIACIFAl5v2nQCGwMGCwkIBwMCBhUIAgkKCwQWAgMBAh4BAheAAAoJEAzZ/tMx
Nc6QfaMH/iqp4Uyd66rAC2tSILWrH6RLkf05TIE0GZheqQkEO7a/Khy3u/Ej/HgC
QUlIC7yrJJGfNCyAx44Z/QsnrWz5EqVZOvjgY9MDpmzfve7KqmbnDBjmbSc6g8IH
HcgUYyfTHEUj69IfgNyJK4Io1vi1WgY/sesAn2ZPpoeT3ihH5FqH7dQkGWeGg1bA
FIaVXm+gMAssaj+k52g/+CnY4KZUHrSkg48OoRB+2a6FqGS8BLeCa+v+zaJCk2fz
EI/NeJwL4Asz1F4AwkEu5X9y8eEGArCXoP0OpYpCxIBZ+7MiKKDOoNf0a/0nOhvs
29LIIOnG+x0/RDfRgFObrF9geKpVTpI=
=ZhFE
-----END PGP PUBLIC KEY BLOCK-----
""",
    """
-----BEGIN PGP PUBLIC KEY BLOCK-----

mQENBFYxWIwBCADAKoZhZlJxGNGWzqV+1OG1xiQeoowKhssGAKvd+buXCGISZJwT
LXZqIcIiLP7pqdcZWtE9bSc7yBY2MalDp9Liu0KekywQ6VVX1T72NPf5Ev6x6DLV
7aVWsCzUAF+eb7DC9fPuFLEdxmOEYoPjzrQ7cCnSV4JQxAqhU4T6OjbvRazGl3ag
OeizPXmRljMtUUttHQZnRhtlzkmwIrUivbfFPD+fEoHJ1+uIdfOzZX8/oKHKLe2j
H632kvsNzJFlROVvGLYAk2WRcLu+RjjggixhwiB+Mu/A8Tf4V6b+YppS44q8EvVr
M+QvY7LNSOffSO6Slsy9oisGTdfE39nC7pVRABEBAAG0N01pY3Jvc29mdCAoUmVs
ZWFzZSBzaWduaW5nKSA8Z3Bnc2VjdXJpdHlAbWljcm9zb2Z0LmNvbT6JATUEEwEC
AB8FAlYxWIwCGwMGCwkIBwMCBBUCCAMDFgIBAh4BAheAAAoJEOs+lK2+EinPGpsH
/32vKy29Hg51H9dfFJMx0/a/F+5vKeCeVqimvyTM04C+XENNuSbYZ3eRPHGHFLqe
MNGxsfb7C7ZxEeW7J/vSzRgHxm7ZvESisUYRFq2sgkJ+HFERNrqfci45bdhmrUsy
7SWw9ybxdFOkuQoyKD3tBmiGfONQMlBaOMWdAsic965rvJsd5zYaZZFI1UwTkFXV
KJt3bp3Ngn1vEYXwijGTa+FXz6GLHueJwF0I7ug34DgUkAFvAs8Hacr2DRYxL5RJ
XdNgj4Jd2/g6T9InmWT0hASljur+dJnzNiNCkbn9KbX7J/qK1IbR8y560yRmFsU+
NdCFTW7wY0Fb1fWJ+/KTsC4=
=J6gs
-----END PGP PUBLIC KEY BLOCK-----
""",
]
