# This file is @generated by RPMOCI
# It is not intended for manual editing.
pkg_specs = [
    "skopeo-1.*",
    "out/rpmoci-*.rpm",
    "core-packages-container",
]
global_key_specs = []

[[packages]]
name = "audit-libs"
evr = "3.0.6-7.cm2"
repoid = "mariner-official-base"

[packages.checksum]
algorithm = "sha256"
checksum = "874a03953aef92127a5648dec5d146729ee4a03fd3e674a0cfc81f39887995b2"

[[packages]]
name = "bash"
evr = "5.1.8-1.cm2"
repoid = "mariner-official-base"

[packages.checksum]
algorithm = "sha256"
checksum = "4914408d508d895a754569f0bdc2736adc002869a1a7b222ab287d7db442cd19"

[[packages]]
name = "bzip2"
evr = "1.0.8-1.cm2"
repoid = "mariner-official-base"

[packages.checksum]
algorithm = "sha256"
checksum = "18f6b665ca6289e74fe53a5f04dc15a6f3657e812262ec503b63d8b740ab82c2"

[[packages]]
name = "bzip2-libs"
evr = "1.0.8-1.cm2"
repoid = "mariner-official-base"

[packages.checksum]
algorithm = "sha256"
checksum = "c72dcd4dfc7876840d672cf0d9f969ece6d6cf41e4a465f2490e780c0615f07f"

[[packages]]
name = "ca-certificates-base"
evr = "1:2.0.0-13.cm2"
repoid = "mariner-official-base"

[packages.checksum]
algorithm = "sha256"
checksum = "273f1ed33bd77a8f9f15015b65decc097757800804fa856d334c9526b2fa4533"

[[packages]]
name = "ca-certificates-shared"
evr = "1:2.0.0-13.cm2"
repoid = "mariner-official-base"

[packages.checksum]
algorithm = "sha256"
checksum = "2c078deed3db42ae649a1b8f8504c1dcadefee6569b4c3881b9b8a01e36ece7f"

[[packages]]
name = "ca-certificates-tools"
evr = "1:2.0.0-13.cm2"
repoid = "mariner-official-base"

[packages.checksum]
algorithm = "sha256"
checksum = "4900e85412f10018df4d9ff28beb999ca7230611a083339c1e67dfe51e8d8465"

[[packages]]
name = "chkconfig"
evr = "1.20-3.cm2"
repoid = "mariner-official-base"

[packages.checksum]
algorithm = "sha256"
checksum = "d5fec25226b8fb4b0c251d11013592b86c739d41afb452b0a12eff0b30439ee4"

[[packages]]
name = "core-packages-container"
evr = "2.0-7.cm2"
repoid = "mariner-official-base"

[packages.checksum]
algorithm = "sha256"
checksum = "e1175c47136dd8f0cd13e706585d42edce91b414b2d8eced5a51380f755f872c"

[[packages]]
name = "coreutils"
evr = "8.32-6.cm2"
repoid = "mariner-official-base"

[packages.checksum]
algorithm = "sha256"
checksum = "cc072e832441a864f7cc9afb99adac816c2d6430ed1e30ab67a96498964705c3"

[[packages]]
name = "cracklib"
evr = "2.9.7-5.cm2"
repoid = "mariner-official-base"

[packages.checksum]
algorithm = "sha256"
checksum = "3b6a2b5a42666cdddf93db2987b8be1f75f62afab04760e4fd30698bf77c735a"

[[packages]]
name = "cracklib-dicts"
evr = "2.9.7-5.cm2"
repoid = "mariner-official-base"

[packages.checksum]
algorithm = "sha256"
checksum = "b9932e29c391d03e926cced58189be7dcb81bf92c82dcbdf66ec501f31a9d12a"

[[packages]]
name = "cryptsetup-libs"
evr = "2.4.3-1.cm2"
repoid = "mariner-official-base"

[packages.checksum]
algorithm = "sha256"
checksum = "a160e3f95d315c17b0d49082644520bd241185da44a0cfa54c3530d7b33738ea"

[[packages]]
name = "curl"
evr = "8.0.1-1.cm2"
repoid = "mariner-official-base"

[packages.checksum]
algorithm = "sha256"
checksum = "dd3fc44b3204a31e0b8eba2b980469c4d437b8b702220e744fb61f9d784f6ea7"

[[packages]]
name = "curl-libs"
evr = "8.0.1-1.cm2"
repoid = "mariner-official-base"

[packages.checksum]
algorithm = "sha256"
checksum = "06cd357d86200f1b61691184f2fc062e3467768ec98582d91d93694620f43977"

[[packages]]
name = "device-mapper-libs"
evr = "2.03.15-2.cm2"
repoid = "mariner-official-base"

[packages.checksum]
algorithm = "sha256"
checksum = "d0575dee3d27aacca35032aa46fc66e273b4de717851a4dc762d2e8f06e9f862"

[[packages]]
name = "dnf"
evr = "4.8.0-2.cm2"
repoid = "mariner-official-base"

[packages.checksum]
algorithm = "sha256"
checksum = "6968622e468c571b02ba84e72906c2af0d5814e95ba254a9ddae53b3b068c824"

[[packages]]
name = "dnf-data"
evr = "4.8.0-2.cm2"
repoid = "mariner-official-base"

[packages.checksum]
algorithm = "sha256"
checksum = "fc6c16e74fa73bae278496db7b83e474e0597f7b7492b5de437500024529349a"

[[packages]]
name = "e2fsprogs-libs"
evr = "1.46.5-3.cm2"
repoid = "mariner-official-base"

[packages.checksum]
algorithm = "sha256"
checksum = "5787b1ada13474c7b775d4bc3d5b73c2c3f85b716c64193fffceba55c8efdc0b"

[[packages]]
name = "elfutils"
evr = "0.186-1.cm2"
repoid = "mariner-official-base"

[packages.checksum]
algorithm = "sha256"
checksum = "8709a8893d1f3176769fec6ffd5a71a041e1ff38d1d1caefe7c459fbdb4e7751"

[[packages]]
name = "elfutils-default-yama-scope"
evr = "0.186-1.cm2"
repoid = "mariner-official-base"

[packages.checksum]
algorithm = "sha256"
checksum = "37e725c70c66dfeb8c2627629231eaf112c21da159aa256a9cb182cccc75105b"

[[packages]]
name = "elfutils-devel"
evr = "0.186-1.cm2"
repoid = "mariner-official-base"

[packages.checksum]
algorithm = "sha256"
checksum = "07ef686243ca173d2e2cb3d1d1c012e5b63b4711a46babdbbb6da63c667078bc"

[[packages]]
name = "elfutils-libelf"
evr = "0.186-1.cm2"
repoid = "mariner-official-base"

[packages.checksum]
algorithm = "sha256"
checksum = "06911112f5f0a24259c0b22cedbbe9b062b7c1922b28dc837a4e2c142d85dbfe"

[[packages]]
name = "elfutils-libelf-devel"
evr = "0.186-1.cm2"
repoid = "mariner-official-base"

[packages.checksum]
algorithm = "sha256"
checksum = "4019adbf127b2f16f05128ea29a13e7d4efd4a27a607d9c9aa896e018bac8cba"

[[packages]]
name = "expat"
evr = "2.5.0-1.cm2"
repoid = "mariner-official-base"

[packages.checksum]
algorithm = "sha256"
checksum = "75d80d4bba449edf9aa8dca5dc443f907a28c5a528368c446ef04d371be446c3"

[[packages]]
name = "expat-libs"
evr = "2.5.0-1.cm2"
repoid = "mariner-official-base"

[packages.checksum]
algorithm = "sha256"
checksum = "00f0b2450108e7ea52bb0c592d441d06d61feaa1f61b3fe6c46ffd86d439f1a1"

[[packages]]
name = "file-libs"
evr = "5.40-2.cm2"
repoid = "mariner-official-base"

[packages.checksum]
algorithm = "sha256"
checksum = "77b279885c27fd2a2bcdb978f44f6ede7d33fc8c3d753cc276b40b623cc22e95"

[[packages]]
name = "filesystem"
evr = "1.1-12.cm2"
repoid = "mariner-official-base"

[packages.checksum]
algorithm = "sha256"
checksum = "ec8a58632fb70df3034ddf077a9b237332cf6bf7af149789e9fb9bf5b5cc6cb4"

[[packages]]
name = "findutils"
evr = "4.8.0-4.cm2"
repoid = "mariner-official-base"

[packages.checksum]
algorithm = "sha256"
checksum = "fc19efb3d54426b3426b68196778cf8826bc55ebbf4c84354acc14c959d1073c"

[[packages]]
name = "gdbm"
evr = "1.21-1.cm2"
repoid = "mariner-official-base"

[packages.checksum]
algorithm = "sha256"
checksum = "11a6c017fc908a00c25f21e3333fb492b0eae0cd74247b4c42a74d0567b3e673"

[[packages]]
name = "glib"
evr = "2.71.0-1.cm2"
repoid = "mariner-official-base"

[packages.checksum]
algorithm = "sha256"
checksum = "2c20771a1a2bfe66297733d43406a9239c417a0cdc2da226e72765c95d92edb2"

[[packages]]
name = "glibc"
evr = "2.35-3.cm2"
repoid = "mariner-official-base"

[packages.checksum]
algorithm = "sha256"
checksum = "6327b291e310b12d23484c560839967b2908ddac12eda264f15ab96178137e22"

[[packages]]
name = "gmp"
evr = "6.2.1-2.cm2"
repoid = "mariner-official-base"

[packages.checksum]
algorithm = "sha256"
checksum = "c31479f1677883bb11cfbea08488a0967b0cb285905bbf1e732903eb7c651aea"

[[packages]]
name = "gnupg2"
evr = "2.4.0-2.cm2"
repoid = "mariner-official-base"

[packages.checksum]
algorithm = "sha256"
checksum = "037397f147e5a320c48233d570637cc4e593ac52d0aa03930a1a0bdc76d7ddc3"

[[packages]]
name = "gpgme"
evr = "1.16.0-1.cm2"
repoid = "mariner-official-base"

[packages.checksum]
algorithm = "sha256"
checksum = "06a3ddfd29427bf0cefa99f219085fd3a3769ee48ab3760f1e1055aed379250c"

[[packages]]
name = "grep"
evr = "3.7-2.cm2"
repoid = "mariner-official-base"

[packages.checksum]
algorithm = "sha256"
checksum = "4f08ca78a141258478ce1b8cc352ed93f9ffba286ed26ccd23c76e6b25fa4f92"

[[packages]]
name = "gzip"
evr = "1.12-1.cm2"
repoid = "mariner-official-base"

[packages.checksum]
algorithm = "sha256"
checksum = "3b6caa054fc340a6ed3db7301f89ebdde4a4f05779d7d0517d66d708b3d2ee3d"

[[packages]]
name = "json-c"
evr = "0.15-1.cm2"
repoid = "mariner-official-base"

[packages.checksum]
algorithm = "sha256"
checksum = "e32371c492eb807647298b43081a0036b92aeabd0239cfac6954f1b25f3cc0c2"

[[packages]]
name = "kmod"
evr = "29-1.cm2"
repoid = "mariner-official-base"

[packages.checksum]
algorithm = "sha256"
checksum = "5a9b17e3a0b120a432b81f42dfec6fa6f169e23ea238fa21082b0982f1b1f736"

[[packages]]
name = "krb5"
evr = "1.19.4-1.cm2"
repoid = "mariner-official-base"

[packages.checksum]
algorithm = "sha256"
checksum = "78f601fa7ad2ffa7d1dae991792e7405c4934f88b7a9870e2ea2daba1cf82d6b"

[[packages]]
name = "libarchive"
evr = "3.6.1-2.cm2"
repoid = "mariner-official-base"

[packages.checksum]
algorithm = "sha256"
checksum = "790d3430f2884db289746cb3ab3519243c76c54d73b28f94f1f2c3c8428cb7cb"

[[packages]]
name = "libassuan"
evr = "2.5.5-2.cm2"
repoid = "mariner-official-base"

[packages.checksum]
algorithm = "sha256"
checksum = "56ba1ed2d16d960bc60ecb6931461c4932ae82401b915d95b6d51105550196ec"

[[packages]]
name = "libcap"
evr = "2.60-1.cm2"
repoid = "mariner-official-base"

[packages.checksum]
algorithm = "sha256"
checksum = "ec388aec4cafc3d93156af4a1c2f322dd7a7893d2a01fce793820054c7560784"

[[packages]]
name = "libcap-ng"
evr = "0.8.2-2.cm2"
repoid = "mariner-official-base"

[packages.checksum]
algorithm = "sha256"
checksum = "85b8f9fe794895fb5ecf5514fe1e3ffc312010b7f3ec76e9439aa22cb7051bc2"

[[packages]]
name = "libcomps"
evr = "0.1.18-1.cm2"
repoid = "mariner-official-base"

[packages.checksum]
algorithm = "sha256"
checksum = "82fd83dea72a6bfa696de3eb5da743ce17f3840306428beeb1aca8638e0652a0"

[[packages]]
name = "libcontainers-common"
evr = "20210626-1.cm2"
repoid = "mariner-official-base"

[packages.checksum]
algorithm = "sha256"
checksum = "d970c19b39e5641cbda945f338b5f95c8819d94123b3bcdcbf664734f7a9fab4"

[[packages]]
name = "libdnf"
evr = "0.63.1-1.cm2"
repoid = "mariner-official-base"

[packages.checksum]
algorithm = "sha256"
checksum = "a0f1201496ab7dc2e6ce622d7c84144451265904e7fe3ebea0d23e00a780cf33"

[[packages]]
name = "libffi"
evr = "3.4.2-2.cm2"
repoid = "mariner-official-base"

[packages.checksum]
algorithm = "sha256"
checksum = "46bfc9d8489f866ac6fa050f5545140b0b2d89a0c49e4054d1f9b721c45d15d9"

[[packages]]
name = "libgcc"
evr = "11.2.0-4.cm2"
repoid = "mariner-official-base"

[packages.checksum]
algorithm = "sha256"
checksum = "057a871c97327a29707c4e9abf3ba43ee29389f13927ab694bd193a169d620d0"

[[packages]]
name = "libgcrypt"
evr = "1.9.4-1.cm2"
repoid = "mariner-official-base"

[packages.checksum]
algorithm = "sha256"
checksum = "754ea4ef447acc5f1c9743764c6b1e0b05dc9180ab2c3032b7e5fff79fc5b15f"

[[packages]]
name = "libgomp"
evr = "11.2.0-4.cm2"
repoid = "mariner-official-base"

[packages.checksum]
algorithm = "sha256"
checksum = "66a7cfdac96db5707989acbc3c8689d2bc895a7159b843ef70daca61ea49e9bf"

[[packages]]
name = "libgpg-error"
evr = "1.46-1.cm2"
repoid = "mariner-official-base"

[packages.checksum]
algorithm = "sha256"
checksum = "2690ce986ff2dc8e264e955c1127fe0ce99e3ee4a44f27e6a520bd99913ce4a5"

[[packages]]
name = "libksba"
evr = "1.6.3-1.cm2"
repoid = "mariner-official-base"

[packages.checksum]
algorithm = "sha256"
checksum = "b306a7d44baaec31bdcf94b3c8d76875fc89a8a5a8510207f6af0a08d49527b9"

[[packages]]
name = "libmetalink"
evr = "0.1.3-1.cm2"
repoid = "mariner-official-base"

[packages.checksum]
algorithm = "sha256"
checksum = "71a08e5208819556ad28392a33e93a0ffdb824b43dd9637dd88875710de84d5d"

[[packages]]
name = "libmodulemd"
evr = "2.13.0-2.cm2"
repoid = "mariner-official-base"

[packages.checksum]
algorithm = "sha256"
checksum = "611ba0e778f6930608c12fdc06293ab752226c94005ae84e03b49434a7b88615"

[[packages]]
name = "libpkgconf"
evr = "1.8.0-3.cm2"
repoid = "mariner-official-base"

[packages.checksum]
algorithm = "sha256"
checksum = "3198bfb0c3def83147c2cd85180b0334ba7a2b8533f88ef3f6fa73f6c9b95174"

[[packages]]
name = "librepo"
evr = "1.14.2-2.cm2"
repoid = "mariner-official-base"

[packages.checksum]
algorithm = "sha256"
checksum = "45c860f0d67bc8c53fdcbd9ad5c52117de4d9e1047e2743db6aff0f12bd93b26"

[[packages]]
name = "libselinux"
evr = "3.2-1.cm2"
repoid = "mariner-official-base"

[packages.checksum]
algorithm = "sha256"
checksum = "31465bfe3076b1e93a29c9916706a90b39d8f47d84e57014b8f47991882d9320"

[[packages]]
name = "libsepol"
evr = "3.2-2.cm2"
repoid = "mariner-official-base"

[packages.checksum]
algorithm = "sha256"
checksum = "8b0780e35050b92606930104eef0fd1af5034859e4d476fe0b655973f5ec882c"

[[packages]]
name = "libsolv"
evr = "0.7.20-1.cm2"
repoid = "mariner-official-base"

[packages.checksum]
algorithm = "sha256"
checksum = "ce2f0875b37570e14135baaf004ae3917bba101931d23bd6ddf79776992fac23"

[[packages]]
name = "libssh2"
evr = "1.9.0-2.cm2"
repoid = "mariner-official-base"

[packages.checksum]
algorithm = "sha256"
checksum = "3e1791a6143173624a8c8970c26be104909816c9aeae1d7579280fede45b1daf"

[[packages]]
name = "libstdc++"
evr = "11.2.0-4.cm2"
repoid = "mariner-official-base"

[packages.checksum]
algorithm = "sha256"
checksum = "410e17466b0bc480a54ad06ff0dbc20f1fd736a10c5abd28ecf7db718cae5b68"

[[packages]]
name = "libtasn1"
evr = "4.19.0-1.cm2"
repoid = "mariner-official-base"

[packages.checksum]
algorithm = "sha256"
checksum = "6b965cf6a002984d948fe24d8f5aef2a3b81b713e63c2373ecaaf35ff472c0d6"

[[packages]]
name = "libxml2"
evr = "2.10.3-1.cm2"
repoid = "mariner-official-base"

[packages.checksum]
algorithm = "sha256"
checksum = "705e5d6af5676cc0964c18a3a11d00bff56bdaa8b4c262fa91210be8f193e4a5"

[[packages]]
name = "libyaml"
evr = "0.2.5-3.cm2"
repoid = "mariner-official-base"

[packages.checksum]
algorithm = "sha256"
checksum = "8c03303cbc5f79c7d90506cc963890bde6289cb80338ce75f5d18635d0318d0a"

[[packages]]
name = "lua-libs"
evr = "5.4.3-5.cm2"
repoid = "mariner-official-base"

[packages.checksum]
algorithm = "sha256"
checksum = "c87cf490f1eb42ea58121fbe08fb5ee6e49033e2843d2aaa2d048a6aee27c243"

[[packages]]
name = "lz4"
evr = "1.9.3-1.cm2"
repoid = "mariner-official-base"

[packages.checksum]
algorithm = "sha256"
checksum = "d30e88e7ecb3dac19dcdd8b1de5203a6982755712058b13a788bce68d0b8115e"

[[packages]]
name = "mariner-release"
evr = "2.0-40.cm2"
repoid = "mariner-official-base"

[packages.checksum]
algorithm = "sha256"
checksum = "2ca5e7578e60ff075d556ef7aa49bb5af4b14e7c4a0ea47b89ccf7d3366baa61"

[[packages]]
name = "mariner-repos"
evr = "2.0-8.cm2"
repoid = "mariner-official-base"

[packages.checksum]
algorithm = "sha256"
checksum = "67c078011eb5bbcb3977a28c79c542cd442ecc1a31f235516105742f88b2c4a6"

[[packages]]
name = "mariner-repos-extras"
evr = "2.0-8.cm2"
repoid = "mariner-official-base"

[packages.checksum]
algorithm = "sha256"
checksum = "8ad9d64d6b95c14560c07880186dba5ab30f48d54a9646eef7fa8ea60439dd3d"

[[packages]]
name = "mariner-repos-microsoft"
evr = "2.0-8.cm2"
repoid = "mariner-official-base"

[packages.checksum]
algorithm = "sha256"
checksum = "f0edcb0543579ed96b735c2e2abcf16c95859ae54be6a5eda9de201e611f1a40"

[[packages]]
name = "mariner-repos-shared"
evr = "2.0-8.cm2"
repoid = "mariner-official-base"

[packages.checksum]
algorithm = "sha256"
checksum = "6645abe895553612cb6401a14b41ff9461a1f0bf23f6aed4d4295e411e42290a"

[[packages]]
name = "ncurses"
evr = "6.4-1.cm2"
repoid = "mariner-official-base"

[packages.checksum]
algorithm = "sha256"
checksum = "56980ca09ff616471090b25471d949f9c19449f9b11aeaa3218f52c3282b81aa"

[[packages]]
name = "ncurses-libs"
evr = "6.4-1.cm2"
repoid = "mariner-official-base"

[packages.checksum]
algorithm = "sha256"
checksum = "64090376547b9cbd4be3d1be9785ae3f3d81853f3dba8445f14835cb803d1314"

[[packages]]
name = "newt"
evr = "0.52.21-4.cm2"
repoid = "mariner-official-base"

[packages.checksum]
algorithm = "sha256"
checksum = "266c3798ca2a0f00a3229b1c5ba38b4326e07c214d24ac985a29a033900e4fb9"

[[packages]]
name = "nghttp2"
evr = "1.46.0-2.cm2"
repoid = "mariner-official-base"

[packages.checksum]
algorithm = "sha256"
checksum = "6801307f46e379ba5d3a4bf448b7a1e1ef06c9a29fe2aaa4756bf432f829865f"

[[packages]]
name = "npth"
evr = "1.6-4.cm2"
repoid = "mariner-official-base"

[packages.checksum]
algorithm = "sha256"
checksum = "992929d7fe7cfe149187b3ad44f83d867ebe8044ec2af2c52268c3f87d346d37"

[[packages]]
name = "openssl"
evr = "1.1.1k-23.cm2"
repoid = "mariner-official-base"

[packages.checksum]
algorithm = "sha256"
checksum = "13fe6dd1eb67e0f1bdc47d4f4ebb39f4bcde825d86b872fe43c3b6413a944450"

[[packages]]
name = "openssl-libs"
evr = "1.1.1k-23.cm2"
repoid = "mariner-official-base"

[packages.checksum]
algorithm = "sha256"
checksum = "44b5f25fe72ca3afcf56b313a9703fca99758165a6c3377ef8fe524ef9ba5222"

[[packages]]
name = "p11-kit"
evr = "0.24.1-1.cm2"
repoid = "mariner-official-base"

[packages.checksum]
algorithm = "sha256"
checksum = "49b7df70b47238ac5ab9fc352f28b96756a6663f16143acb6c318c3ed066cc11"

[[packages]]
name = "p11-kit-trust"
evr = "0.24.1-1.cm2"
repoid = "mariner-official-base"

[packages.checksum]
algorithm = "sha256"
checksum = "a2c16162c266db0cb7720e7e31cdabe62c851b799db50c19f684246f6672854f"

[[packages]]
name = "pam"
evr = "1.5.1-5.cm2"
repoid = "mariner-official-base"

[packages.checksum]
algorithm = "sha256"
checksum = "cf17decad901ec6c263dc7ec3e4a2f1c934117eacf5df565dfa1d054c6eaa96c"

[[packages]]
name = "pcre"
evr = "8.45-2.cm2"
repoid = "mariner-official-base"

[packages.checksum]
algorithm = "sha256"
checksum = "f3c86c601c37d01e9473cf47e2aa5ac321c1f6e9c35c372fc606e5b6fa6470a0"

[[packages]]
name = "pcre-libs"
evr = "8.45-2.cm2"
repoid = "mariner-official-base"

[packages.checksum]
algorithm = "sha256"
checksum = "6bee465294c45a1ea065e92cb49ca864b509bdd883b6afb58ff5e084a5b3cf74"

[[packages]]
name = "pinentry"
evr = "1.2.0-1.cm2"
repoid = "mariner-official-base"

[packages.checksum]
algorithm = "sha256"
checksum = "d3135508c63a373efae8c98a3ecd3304cabe997b63c3a4828a8d2db1ceefc8c2"

[[packages]]
name = "pkgconf"
evr = "1.8.0-3.cm2"
repoid = "mariner-official-base"

[packages.checksum]
algorithm = "sha256"
checksum = "086beb55cd1e211b35b465c9bdb9fbd2b512aa2f13a3be07484964cd35d747b7"

[[packages]]
name = "pkgconf-m4"
evr = "1.8.0-3.cm2"
repoid = "mariner-official-base"

[packages.checksum]
algorithm = "sha256"
checksum = "a6f378cb0361fdecac23dab32ac26d158bf2e5a3483fb5dc44254e47c4ff7776"

[[packages]]
name = "pkgconf-pkg-config"
evr = "1.8.0-3.cm2"
repoid = "mariner-official-base"

[packages.checksum]
algorithm = "sha256"
checksum = "855bc5471b1de8710ef877090129cd831c325ac153f6d9d63597e25e4cb23cc7"

[[packages]]
name = "popt"
evr = "1.18-1.cm2"
repoid = "mariner-official-base"

[packages.checksum]
algorithm = "sha256"
checksum = "95d614b0d169228e5f0bfd3d4880771db5c7f45e1addea0efcab980fad9e96a8"

[[packages]]
name = "popt-devel"
evr = "1.18-1.cm2"
repoid = "mariner-official-base"

[packages.checksum]
algorithm = "sha256"
checksum = "8e5bb5a267a5254b220c06ff8e826cb8eaa891c6b769ec7569f065bdd494e245"

[[packages]]
name = "python3"
evr = "3.9.14-6.cm2"
repoid = "mariner-official-base"

[packages.checksum]
algorithm = "sha256"
checksum = "7940e0ea1e6ac65d70abe33e439f3394a6df66c191b9c65ab2b8343f4298a589"

[[packages]]
name = "python3-curses"
evr = "3.9.14-6.cm2"
repoid = "mariner-official-base"

[packages.checksum]
algorithm = "sha256"
checksum = "3a6d4f496217fb2402a05e0706bc00418b78155d313de1e788a41028659c4539"

[[packages]]
name = "python3-dnf"
evr = "4.8.0-2.cm2"
repoid = "mariner-official-base"

[packages.checksum]
algorithm = "sha256"
checksum = "51b2a6d6f27c19dd7a5f906e5becb2788a02bc5d2e2c572055a8f200c1e08090"

[[packages]]
name = "python3-gpg"
evr = "1.16.0-1.cm2"
repoid = "mariner-official-base"

[packages.checksum]
algorithm = "sha256"
checksum = "c00678110391e9c9ab29464bc86dc941673799072817ee2194e596e1c9212463"

[[packages]]
name = "python3-hawkey"
evr = "0.63.1-1.cm2"
repoid = "mariner-official-base"

[packages.checksum]
algorithm = "sha256"
checksum = "d52e047cb12617e293f5a2081426c3ec831177206ff4b6cdbb4761bef53c2b9b"

[[packages]]
name = "python3-libcomps"
evr = "0.1.18-1.cm2"
repoid = "mariner-official-base"

[packages.checksum]
algorithm = "sha256"
checksum = "8275938f1ff9a033b71268b46585cd4940371116f250002f3b67ab2d29595824"

[[packages]]
name = "python3-libdnf"
evr = "0.63.1-1.cm2"
repoid = "mariner-official-base"

[packages.checksum]
algorithm = "sha256"
checksum = "6b817bc49a2148cc0c94c277188c9ebbf490146d05fd5df746184fadfe11cb90"

[[packages]]
name = "python3-libs"
evr = "3.9.14-6.cm2"
repoid = "mariner-official-base"

[packages.checksum]
algorithm = "sha256"
checksum = "605340380f20ff0c41242123764b750a793e7f3e5cda5861e8104aa2dcce8472"

[[packages]]
name = "python3-rpm"
evr = "4.18.0-2.cm2"
repoid = "mariner-official-base"

[packages.checksum]
algorithm = "sha256"
checksum = "ddd1ebc7ec42e736782a0ce09a0c1090719a67e97bf6516571e86743a820994f"

[[packages]]
name = "readline"
evr = "8.1-1.cm2"
repoid = "mariner-official-base"

[packages.checksum]
algorithm = "sha256"
checksum = "a9f99ff100a8f37fd05e42882407c9accc7656fea8cdca34465aa92356f80932"

[[packages]]
name = "rpm"
evr = "4.18.0-2.cm2"
repoid = "mariner-official-base"

[packages.checksum]
algorithm = "sha256"
checksum = "52fadfffc339c20b8fdb013f09d532c7ac14e0e81991a05de3abb72a9d3f9a10"

[[packages]]
name = "rpm-build-libs"
evr = "4.18.0-2.cm2"
repoid = "mariner-official-base"

[packages.checksum]
algorithm = "sha256"
checksum = "14b364cf86a45754226abe5fdca34da42d0ef3a8abb7f4ee13c2ad3bbd1e3c31"

[[packages]]
name = "rpm-devel"
evr = "4.18.0-2.cm2"
repoid = "mariner-official-base"

[packages.checksum]
algorithm = "sha256"
checksum = "5c6f192f7a6131a43a14ebd0efba9e737ccc66619bf916df7d3e1f7a7fa5292c"

[[packages]]
name = "rpm-libs"
evr = "4.18.0-2.cm2"
repoid = "mariner-official-base"

[packages.checksum]
algorithm = "sha256"
checksum = "e2439591ab27c4321df1e8874f482521d089d2863bcbb163767e9385777b967a"

[[packages]]
name = "sed"
evr = "4.8-2.cm2"
repoid = "mariner-official-base"

[packages.checksum]
algorithm = "sha256"
checksum = "b8a5cb2a297599102d724703bf65c5f3bb16da3e06df4f8809198353b71354a7"

[[packages]]
name = "skopeo"
evr = "1.11.0-4.cm2"
repoid = "mariner-official-base"

[packages.checksum]
algorithm = "sha256"
checksum = "e3792a43fd00b5dc3b593ae0199bb6af12edf9dbf7f0abbde709a61b9a11d977"

[[packages]]
name = "slang"
evr = "2.3.2-4.cm2"
repoid = "mariner-official-base"

[packages.checksum]
algorithm = "sha256"
checksum = "813441d51c599a7f40aafbcb035b01ffca5d844a73e2dc921fc9ee4b84eda040"

[[packages]]
name = "sqlite-libs"
evr = "3.39.2-2.cm2"
repoid = "mariner-official-base"

[packages.checksum]
algorithm = "sha256"
checksum = "a9ab661f4066b274482b299aeca3e59ccd89905339e1c40b9a89837e8cad15d2"

[[packages]]
name = "systemd"
evr = "250.3-15.cm2"
repoid = "mariner-official-base"

[packages.checksum]
algorithm = "sha256"
checksum = "b4b2ad5b12baa62805ea6b54daeef90de1a9c3d11399427d54c97877d879fbb8"

[[packages]]
name = "systemd-rpm-macros"
evr = "250.3-15.cm2"
repoid = "mariner-official-base"

[packages.checksum]
algorithm = "sha256"
checksum = "f80c03bd342a7c60f35f8b3451d61812594026005c00a1e1c7939fb0cda600c0"

[[packages]]
name = "tdnf"
evr = "3.2.2-4.cm2"
repoid = "mariner-official-base"

[packages.checksum]
algorithm = "sha256"
checksum = "ac7f9bc0ef8fa2256f4840d5e93ba6e14da008edbcfefb7922f72218d4fb6ec0"

[[packages]]
name = "tdnf-cli-libs"
evr = "3.2.2-4.cm2"
repoid = "mariner-official-base"

[packages.checksum]
algorithm = "sha256"
checksum = "bcc58f676aa37861b45371456291719630b9b3d9e908be3085b4c3064f331080"

[[packages]]
name = "tdnf-plugin-repogpgcheck"
evr = "3.2.2-4.cm2"
repoid = "mariner-official-base"

[packages.checksum]
algorithm = "sha256"
checksum = "b6e5f8eee5862744dbabd05d24fdb836c1f35c77813d57a8e806d015e5e02d2e"

[[packages]]
name = "util-linux"
evr = "2.37.4-5.cm2"
repoid = "mariner-official-base"

[packages.checksum]
algorithm = "sha256"
checksum = "a160aa6bf956cbab177903336add9a1011f739b03f35a923e7009105a5b708fb"

[[packages]]
name = "util-linux-libs"
evr = "2.37.4-5.cm2"
repoid = "mariner-official-base"

[packages.checksum]
algorithm = "sha256"
checksum = "53008438f17789464cd006c77d789699cbffd2b2adcdf73b29315f267925b0dd"

[[packages]]
name = "xz"
evr = "5.2.5-1.cm2"
repoid = "mariner-official-base"

[packages.checksum]
algorithm = "sha256"
checksum = "f6454a14101f29aac2cdc3f32985899ba4aaf42e660edfe2c1225052878e93ad"

[[packages]]
name = "xz-devel"
evr = "5.2.5-1.cm2"
repoid = "mariner-official-base"

[packages.checksum]
algorithm = "sha256"
checksum = "1cf9412fc5bfd0effa6ad4451218b94eb47355228267263e237a7a08bf5dcaae"

[[packages]]
name = "xz-libs"
evr = "5.2.5-1.cm2"
repoid = "mariner-official-base"

[packages.checksum]
algorithm = "sha256"
checksum = "031e779a7ce198662c5b266d7b0dfc9eece9c0c888a657b6a9bb7731df0096d0"

[[packages]]
name = "zchunk"
evr = "1.1.16-2.cm2"
repoid = "mariner-official-base"

[packages.checksum]
algorithm = "sha256"
checksum = "86ce2936352c66ea20c60eff63366e9f9726bfa491033902bb759b3e780ff544"

[[packages]]
name = "zchunk-libs"
evr = "1.1.16-2.cm2"
repoid = "mariner-official-base"

[packages.checksum]
algorithm = "sha256"
checksum = "99bafd033ebdcfbf32f803b2eea730de95fb0f60a89995f91191b442c94efaef"

[[packages]]
name = "zlib"
evr = "1.2.13-1.cm2"
repoid = "mariner-official-base"

[packages.checksum]
algorithm = "sha256"
checksum = "5c0e23b27a090f2bba3be0e2d1b1242566decc377dd01aa93bc20092d9048798"

[[packages]]
name = "zlib-devel"
evr = "1.2.13-1.cm2"
repoid = "mariner-official-base"

[packages.checksum]
algorithm = "sha256"
checksum = "e3c77141e6626619ee741a30c40f1b830ceb48ea38681ea7192375bc6169bfdd"

[[packages]]
name = "zstd"
evr = "1.5.0-1.cm2"
repoid = "mariner-official-base"

[packages.checksum]
algorithm = "sha256"
checksum = "5aba62c78d45aaece73eabbb84c62d306669ed2f57de86dbdae0a377fe93f7a4"

[[packages]]
name = "zstd-devel"
evr = "1.5.0-1.cm2"
repoid = "mariner-official-base"

[packages.checksum]
algorithm = "sha256"
checksum = "f8fb4335acc6b42367a9ca1dc1ef2304527393cb3beda4179fe5aa8fb8670898"

[[packages]]
name = "zstd-libs"
evr = "1.5.0-1.cm2"
repoid = "mariner-official-base"

[packages.checksum]
algorithm = "sha256"
checksum = "1f1dfc46ad8f97b25b17499f865dc002d7a6b067428490dc2e83c4b75aca6a68"

[[local_packages]]
name = "rpmoci"
requires = [
    "dnf",
    "ld-linux-x86-64.so.2()(64bit)",
    "ld-linux-x86-64.so.2(GLIBC_2.3)(64bit)",
    "libc.so.6()(64bit)",
    "libc.so.6(GLIBC_2.14)(64bit)",
    "libc.so.6(GLIBC_2.15)(64bit)",
    "libc.so.6(GLIBC_2.17)(64bit)",
    "libc.so.6(GLIBC_2.18)(64bit)",
    "libc.so.6(GLIBC_2.2.5)(64bit)",
    "libc.so.6(GLIBC_2.25)(64bit)",
    "libc.so.6(GLIBC_2.27)(64bit)",
    "libc.so.6(GLIBC_2.28)(64bit)",
    "libc.so.6(GLIBC_2.29)(64bit)",
    "libc.so.6(GLIBC_2.3)(64bit)",
    "libc.so.6(GLIBC_2.3.4)(64bit)",
    "libc.so.6(GLIBC_2.32)(64bit)",
    "libc.so.6(GLIBC_2.33)(64bit)",
    "libc.so.6(GLIBC_2.34)(64bit)",
    "libc.so.6(GLIBC_2.4)(64bit)",
    "libc.so.6(GLIBC_2.9)(64bit)",
    "libcrypto.so.1.1()(64bit)",
    "libcrypto.so.1.1(OPENSSL_1_1_0)(64bit)",
    "libgcc_s.so.1()(64bit)",
    "libgcc_s.so.1(GCC_3.0)(64bit)",
    "libgcc_s.so.1(GCC_3.3)(64bit)",
    "libgcc_s.so.1(GCC_4.2.0)(64bit)",
    "libm.so.6()(64bit)",
    "libm.so.6(GLIBC_2.2.5)(64bit)",
    "libpython3.9.so.1.0()(64bit)",
    "libz.so.1()(64bit)",
]

[repo_gpg_config.mariner-official-base]
gpgcheck = true
keys = [
    """
-----BEGIN PGP PUBLIC KEY BLOCK-----

mQENBF5v2nQBCADD+o8FgJQUcV9QTgdOTrYo8VtwHNOtTI1WWki8cUx+pI+aarHo
zYN3/QQj+a5lALWeWM/w+aT1q/xGBBkmr9Qo5xWaXeiKZaMVv3H+1HIOjVvrWOHX
zm+FvONB2fwAOclq9p7YaMqWtn4GckxD2YXhkTW0Y4kM+TcMTgSCiGKskjnmTfHw
G+SI9av/CZvqqfNZkdIuNTS9eSqTTenCKkgLvYRKSpkhZj1OuB/iTu+xK0BuoVns
jmju/Fw+tBrcdu3Q1sRXDrh8lnZgHxQUxHjwnyMlTM8a9N2qCgnu+SQjNyk3NXgi
dGSFkdtaF/Z+KNwG10XVs1jzjO/rtsrvrwJvABEBAAG0Ok1hcmluZXIgUlBNIFJl
bGVhc2UgU2lnbmluZyA8bWFyaW5lcnJwbXByb2RAbWljcm9zb2Z0LmNvbT6JATgE
EwEIACIFAl5v2nQCGwMGCwkIBwMCBhUIAgkKCwQWAgMBAh4BAheAAAoJEAzZ/tMx
Nc6QfaMH/iqp4Uyd66rAC2tSILWrH6RLkf05TIE0GZheqQkEO7a/Khy3u/Ej/HgC
QUlIC7yrJJGfNCyAx44Z/QsnrWz5EqVZOvjgY9MDpmzfve7KqmbnDBjmbSc6g8IH
HcgUYyfTHEUj69IfgNyJK4Io1vi1WgY/sesAn2ZPpoeT3ihH5FqH7dQkGWeGg1bA
FIaVXm+gMAssaj+k52g/+CnY4KZUHrSkg48OoRB+2a6FqGS8BLeCa+v+zaJCk2fz
EI/NeJwL4Asz1F4AwkEu5X9y8eEGArCXoP0OpYpCxIBZ+7MiKKDOoNf0a/0nOhvs
29LIIOnG+x0/RDfRgFObrF9geKpVTpI=
=ZhFE
-----END PGP PUBLIC KEY BLOCK-----
""",
    """
-----BEGIN PGP PUBLIC KEY BLOCK-----

mQENBFYxWIwBCADAKoZhZlJxGNGWzqV+1OG1xiQeoowKhssGAKvd+buXCGISZJwT
LXZqIcIiLP7pqdcZWtE9bSc7yBY2MalDp9Liu0KekywQ6VVX1T72NPf5Ev6x6DLV
7aVWsCzUAF+eb7DC9fPuFLEdxmOEYoPjzrQ7cCnSV4JQxAqhU4T6OjbvRazGl3ag
OeizPXmRljMtUUttHQZnRhtlzkmwIrUivbfFPD+fEoHJ1+uIdfOzZX8/oKHKLe2j
H632kvsNzJFlROVvGLYAk2WRcLu+RjjggixhwiB+Mu/A8Tf4V6b+YppS44q8EvVr
M+QvY7LNSOffSO6Slsy9oisGTdfE39nC7pVRABEBAAG0N01pY3Jvc29mdCAoUmVs
ZWFzZSBzaWduaW5nKSA8Z3Bnc2VjdXJpdHlAbWljcm9zb2Z0LmNvbT6JATUEEwEC
AB8FAlYxWIwCGwMGCwkIBwMCBBUCCAMDFgIBAh4BAheAAAoJEOs+lK2+EinPGpsH
/32vKy29Hg51H9dfFJMx0/a/F+5vKeCeVqimvyTM04C+XENNuSbYZ3eRPHGHFLqe
MNGxsfb7C7ZxEeW7J/vSzRgHxm7ZvESisUYRFq2sgkJ+HFERNrqfci45bdhmrUsy
7SWw9ybxdFOkuQoyKD3tBmiGfONQMlBaOMWdAsic965rvJsd5zYaZZFI1UwTkFXV
KJt3bp3Ngn1vEYXwijGTa+FXz6GLHueJwF0I7ug34DgUkAFvAs8Hacr2DRYxL5RJ
XdNgj4Jd2/g6T9InmWT0hASljur+dJnzNiNCkbn9KbX7J/qK1IbR8y560yRmFsU+
NdCFTW7wY0Fb1fWJ+/KTsC4=
=J6gs
-----END PGP PUBLIC KEY BLOCK-----
""",
]
