# This file is @generated by RPMOCI
# It is not intended for manual editing.
pkg_specs = ["tini"]
local_packages = []
global_key_specs = ["https://raw.githubusercontent.com/xsuchy/distribution-gpg-keys/main/keys/fedora/RPM-GPG-KEY-fedora-35-primary"]
global_keys = ["""
-----BEGIN PGP PUBLIC KEY BLOCK-----

mQINBGAcScoBEADLf8YHkezJ6adlMYw7aGGIlJalt8Jj2x/B2K+hIfIuxGtpVj7e
LRgDU76jaT5pVD5mFMJ3pkeneR/cTmqqQkNyQshX2oQXwEzUSb1CNMCfCGgkX8Q2
zZkrIcCrF0Q2wrKblaudhU+iVanADsm18YEqsb5AU37dtUrM3QYdWg9R+XiPfV8R
KBjT03vVBOdMSsY39LaCn6Ip1Ovp8IEo/IeEVY1qmCOPAaK0bJH3ufg4Cueks+TS
wQWTeCLxuZL6OMXoOPKwvMQfxbg1XD8vuZ0Ktj/cNH2xau0xmsAu9HJpekvOPRxl
yqtjyZfroVieFypwZgvQwtnnM8/gSEu/JVTrY052mEUT7Ccb74kcHFTFfMklnkG/
0fU4ARa504H3xj0ktbe3vKcPXoPOuKBVsHSv00UGYAyPeuy+87cU/YEhM7k3SVKj
6eIZgyiMO0wl1YGDRKculwks9A+ulkg1oTb4s3zmZvP07GoTxW42jaK5WS+NhZee
860XoVhbc1KpS+jfZojsrEtZ8PbUZ+YvF8RprdWArjHbJk2JpRKAxThxsQAsBhG1
0Lux2WaMB0g2I5PcMdJ/cqjo08ccrjBXuixWri5iu9MXp8qT/fSzNmsdIgn8/qZK
i8Qulfu77uqhW/wt2btnitgRsqjhxMujYU4Zb4hktF8hKU/XX742qhL5KwARAQAB
tDFGZWRvcmEgKDM1KSA8ZmVkb3JhLTM1LXByaW1hcnlAZmVkb3JhcHJvamVjdC5v
cmc+iQJOBBMBCAA4FiEEeH6mrhFH7uVsQLMM20Y5cZhnxY8FAmAcScoCGw8FCwkI
BwIGFQoJCAsCBBYCAwECHgECF4AACgkQ20Y5cZhnxY+NYA/7BYpglySAZYHhjyKh
/+f6zPfVvbH20Eq3kI7OFBN0nLX+BU1muvS+qTuS3WLrB3m3GultpKREJKLtm5ED
1rGzXAoT1yp9YI8LADdMCCOyjAjsoWU87YUuC+/bnjrTeR2LROCfyPC76W985iOV
m5S+bsQDw7C2LrldAM4MDuoyZ1SitGaZ4KQLVt+TEa14isYSGCjzo7PY8V3JOk50
gqWg82N/bm2EzS7T83WEDb1lvj4IlvxgIqKeg11zXYxmrYSZJJCfvzf+lNS6uxgH
jx/J0ylZ2LibGr6GAAyO9UWrAZSwSM0EcjT8wECnxkSDuyqmWwVvNBXuEIV8Oe3Y
MiU1fJN8sd7DpsFx5M+XdnMnQS+HrjTPKD3mWrlAdnEThdYV8jZkpWhDys3/99eO
hk0rLny0jNwkauf/iU8Oc6XvMkjLRMJg5U9VKyJuWWtzwXnjMN5WRFBqK4sZomMM
ftbTH1+5ybRW/A3vBbaxRW2t7UzNjczekSZEiaLN9L/HcJCIR1QF8682DdAlEF9d
k2gQiYSQAaaJ0JJAzHvRkRJLLgK2YQYiHNVy2t3JyFfsram5wSCWOfhPeIyLBTZJ
vrpNlPbefsT957Tf2BNIugzZrC5VxDSKkZgRh1VGvSIQnCyzkQy6EU2qPpiW59G/
hPIXZrKocK3KLS9/izJQTRltjMA=
=PfT7
-----END PGP PUBLIC KEY BLOCK-----
"""]

[[packages]]
name = "basesystem"
evr = "11-12.fc35"
download_url = "https://fedora.mirrorservice.org/fedora/linux/releases/35/Everything/x86_64/os/Packages/b/basesystem-11-12.fc35.noarch.rpm"
repoid = "fedora.mirrorservice.org_fedora_linux_releases_35_Everything_x86_64_os_"

[packages.checksum]
algorithm = "sha256"
checksum = "8e16674a8f308d03f9e1cd606bbfa392026cdb0f53b96da82a062d735e16feb1"

[[packages]]
name = "bash"
evr = "5.1.8-2.fc35"
download_url = "https://fedora.mirrorservice.org/fedora/linux/releases/35/Everything/x86_64/os/Packages/b/bash-5.1.8-2.fc35.x86_64.rpm"
repoid = "fedora.mirrorservice.org_fedora_linux_releases_35_Everything_x86_64_os_"

[packages.checksum]
algorithm = "sha256"
checksum = "4b835e88a180c6fcc7f86d4b36695e4cfbf39f811c478588efdf07ec1fcaf271"

[[packages]]
name = "fedora-gpg-keys"
evr = "35-1"
download_url = "https://fedora.mirrorservice.org/fedora/linux/releases/35/Everything/x86_64/os/Packages/f/fedora-gpg-keys-35-1.noarch.rpm"
repoid = "fedora.mirrorservice.org_fedora_linux_releases_35_Everything_x86_64_os_"

[packages.checksum]
algorithm = "sha256"
checksum = "52040f71864e67b462d278d040cdae3caba482526fe9b609a70ef4d0af2b7fd0"

[[packages]]
name = "fedora-release"
evr = "35-33"
download_url = "https://fedora.mirrorservice.org/fedora/linux/releases/35/Everything/x86_64/os/Packages/f/fedora-release-35-33.noarch.rpm"
repoid = "fedora.mirrorservice.org_fedora_linux_releases_35_Everything_x86_64_os_"

[packages.checksum]
algorithm = "sha256"
checksum = "f167b1326713e639a43e7bc14703dbdfa1ba3121e087d2281f6ac3218b81156a"

[[packages]]
name = "fedora-release-common"
evr = "35-33"
download_url = "https://fedora.mirrorservice.org/fedora/linux/releases/35/Everything/x86_64/os/Packages/f/fedora-release-common-35-33.noarch.rpm"
repoid = "fedora.mirrorservice.org_fedora_linux_releases_35_Everything_x86_64_os_"

[packages.checksum]
algorithm = "sha256"
checksum = "7cb7acaeffc9b07a0e79ac1c1886ad19c5ab68a6003d2081526d1ec7ea5d68cd"

[[packages]]
name = "fedora-release-identity-basic"
evr = "35-33"
download_url = "https://fedora.mirrorservice.org/fedora/linux/releases/35/Everything/x86_64/os/Packages/f/fedora-release-identity-basic-35-33.noarch.rpm"
repoid = "fedora.mirrorservice.org_fedora_linux_releases_35_Everything_x86_64_os_"

[packages.checksum]
algorithm = "sha256"
checksum = "15b6dc52ab78937be5930049bcc34f9dd7601a698ae4f8fbea82d55364dc81a7"

[[packages]]
name = "fedora-repos"
evr = "35-1"
download_url = "https://fedora.mirrorservice.org/fedora/linux/releases/35/Everything/x86_64/os/Packages/f/fedora-repos-35-1.noarch.rpm"
repoid = "fedora.mirrorservice.org_fedora_linux_releases_35_Everything_x86_64_os_"

[packages.checksum]
algorithm = "sha256"
checksum = "b5f2885bc25152bbc93c229098850aa59fe37e431926bfd95be47952f6f3daa5"

[[packages]]
name = "filesystem"
evr = "3.14-7.fc35"
download_url = "https://fedora.mirrorservice.org/fedora/linux/releases/35/Everything/x86_64/os/Packages/f/filesystem-3.14-7.fc35.x86_64.rpm"
repoid = "fedora.mirrorservice.org_fedora_linux_releases_35_Everything_x86_64_os_"

[packages.checksum]
algorithm = "sha256"
checksum = "2c0246c154bbbc677cddf23f4cb24d4dfb4b664bad8505caac4d62a21ed19482"

[[packages]]
name = "glibc"
evr = "2.34-7.fc35"
download_url = "https://fedora.mirrorservice.org/fedora/linux/releases/35/Everything/x86_64/os/Packages/g/glibc-2.34-7.fc35.x86_64.rpm"
repoid = "fedora.mirrorservice.org_fedora_linux_releases_35_Everything_x86_64_os_"

[packages.checksum]
algorithm = "sha256"
checksum = "04797f45fba96caf0c3e5c882383b962510ed8091394679bf84fc2b705e79a2a"

[[packages]]
name = "glibc-common"
evr = "2.34-7.fc35"
download_url = "https://fedora.mirrorservice.org/fedora/linux/releases/35/Everything/x86_64/os/Packages/g/glibc-common-2.34-7.fc35.x86_64.rpm"
repoid = "fedora.mirrorservice.org_fedora_linux_releases_35_Everything_x86_64_os_"

[packages.checksum]
algorithm = "sha256"
checksum = "8eb1913dd77f12645c135c9757f4de488fe1c6b0db082c763cd1f884cc6b4c6c"

[[packages]]
name = "glibc-gconv-extra"
evr = "2.34-7.fc35"
download_url = "https://fedora.mirrorservice.org/fedora/linux/releases/35/Everything/x86_64/os/Packages/g/glibc-gconv-extra-2.34-7.fc35.x86_64.rpm"
repoid = "fedora.mirrorservice.org_fedora_linux_releases_35_Everything_x86_64_os_"

[packages.checksum]
algorithm = "sha256"
checksum = "36d7018d222a260d5e495604727cbaa4fa0ed8a5e0182fc2924a57211461956e"

[[packages]]
name = "glibc-minimal-langpack"
evr = "2.34-7.fc35"
download_url = "https://fedora.mirrorservice.org/fedora/linux/releases/35/Everything/x86_64/os/Packages/g/glibc-minimal-langpack-2.34-7.fc35.x86_64.rpm"
repoid = "fedora.mirrorservice.org_fedora_linux_releases_35_Everything_x86_64_os_"

[packages.checksum]
algorithm = "sha256"
checksum = "4a7356a967e5b6d6ef7245d4614f93bc6a110aec740e37d78c8cd8d49030d82b"

[[packages]]
name = "libgcc"
evr = "11.2.1-1.fc35"
download_url = "https://fedora.mirrorservice.org/fedora/linux/releases/35/Everything/x86_64/os/Packages/l/libgcc-11.2.1-1.fc35.x86_64.rpm"
repoid = "fedora.mirrorservice.org_fedora_linux_releases_35_Everything_x86_64_os_"

[packages.checksum]
algorithm = "sha256"
checksum = "884d02bdf9bf1fbfea36599719388810716e28001475f690a5e50fdfeee21905"

[[packages]]
name = "ncurses-base"
evr = "6.2-8.20210508.fc35"
download_url = "https://fedora.mirrorservice.org/fedora/linux/releases/35/Everything/x86_64/os/Packages/n/ncurses-base-6.2-8.20210508.fc35.noarch.rpm"
repoid = "fedora.mirrorservice.org_fedora_linux_releases_35_Everything_x86_64_os_"

[packages.checksum]
algorithm = "sha256"
checksum = "25a6a0c4e03e862b5092d0937bf3cd886a5768c5517c4e82e9a132260a631b1f"

[[packages]]
name = "ncurses-libs"
evr = "6.2-8.20210508.fc35"
download_url = "https://fedora.mirrorservice.org/fedora/linux/releases/35/Everything/x86_64/os/Packages/n/ncurses-libs-6.2-8.20210508.fc35.x86_64.rpm"
repoid = "fedora.mirrorservice.org_fedora_linux_releases_35_Everything_x86_64_os_"

[packages.checksum]
algorithm = "sha256"
checksum = "fa828fba06c3d070ead7325abc6c8c491d85efaf34e6714682dc031f071fd60c"

[[packages]]
name = "setup"
evr = "2.13.9.1-2.fc35"
download_url = "https://fedora.mirrorservice.org/fedora/linux/releases/35/Everything/x86_64/os/Packages/s/setup-2.13.9.1-2.fc35.noarch.rpm"
repoid = "fedora.mirrorservice.org_fedora_linux_releases_35_Everything_x86_64_os_"

[packages.checksum]
algorithm = "sha256"
checksum = "e5c8df29ea474dc741bcefb0d6bd46cf498f302e73286250c0aa0bfd9cacf3c4"

[[packages]]
name = "tini"
evr = "0.19.0-3.fc35"
download_url = "https://fedora.mirrorservice.org/fedora/linux/releases/35/Everything/x86_64/os/Packages/t/tini-0.19.0-3.fc35.x86_64.rpm"
repoid = "fedora.mirrorservice.org_fedora_linux_releases_35_Everything_x86_64_os_"

[packages.checksum]
algorithm = "sha256"
checksum = "b6451771541439129596cc610cfb19b7f37531d932fe4f0c4d24f345af222be9"

[[packages]]
name = "tzdata"
evr = "2021b-1.fc35"
download_url = "https://fedora.mirrorservice.org/fedora/linux/releases/35/Everything/x86_64/os/Packages/t/tzdata-2021b-1.fc35.noarch.rpm"
repoid = "fedora.mirrorservice.org_fedora_linux_releases_35_Everything_x86_64_os_"

[packages.checksum]
algorithm = "sha256"
checksum = "a155d481062523fbc0e022d20f76fd991af59b708d5b93682a68a1bf666c58ad"

[repo_gpg_config."fedora.mirrorservice.org_fedora_linux_releases_35_Everything_x86_64_os_"]
gpgcheck = true
keys = []
